Microsoft Visual Studio Solution File, Format Version 9.00
# Visual C++ Express 2005
Project("{8BC9CEB8-8B4A-11D0-8D11-00A0C91BC942}") = "Metaballs", "Metaballs.vcproj", "{E4C75E37-2F3C-4239-8EBC-7B4BE2BF6A57}"
EndProject
Global
	GlobalSection(SolutionConfigurationPlatforms) = preSolution
		Debug|Win32 = Debug|Win32
		Release|Win32 = Release|Win32
	EndGlobalSection
	GlobalSection(ProjectConfigurationPlatforms) = postSolution
		{E4C75E37-2F3C-4239-8EBC-7B4BE2BF6A57}.Debug|Win32.ActiveCfg = Debug|Win32
		{E4C75E37-2F3C-4239-8EBC-7B4BE2BF6A57}.Debug|Win32.Build.0 = Debug|Win32
		{E4C75E37-2F3C-4239-8EBC-7B4BE2BF6A57}.Release|Win32.ActiveCfg = Release|Win32
		{E4C75E37-2F3C-4239-8EBC-7B4BE2BF6A57}.Release|Win32.Build.0 = Release|Win32
	EndGlobalSection
	GlobalSection(SolutionProperties) = preSolution
		HideSolutionNode = FALSE
	EndGlobalSection
EndGlobal
